// !$*UTF8*$!
{
	archiveVersion = 1;
	classes = {
	};
	objectVersion = 50;
	objects = {

/* Begin PBXBuildFile section */
		C4332F84248F218A00228C27 /* WarmupView.swift in Sources */ = {isa = PBXBuildFile; fileRef = C4332F83248F218A00228C27 /* WarmupView.swift */; };
		C4332F8A248F3EB300228C27 /* Device.swift in Sources */ = {isa = PBXBuildFile; fileRef = C4332F89248F3EB300228C27 /* Device.swift */; };
		C4332F8C248F462200228C27 /* WorkView.swift in Sources */ = {isa = PBXBuildFile; fileRef = C4332F8B248F462200228C27 /* WorkView.swift */; };
		C4332F8E248F49B500228C27 /* RestView.swift in Sources */ = {isa = PBXBuildFile; fileRef = C4332F8D248F49B500228C27 /* RestView.swift */; };
		C4A6831D247B5D4700350912 /* ProgressRing.swift in Sources */ = {isa = PBXBuildFile; fileRef = C4A6831C247B5D4700350912 /* ProgressRing.swift */; };
		C4CBFE362478E0D000ED5696 /* AppDelegate.swift in Sources */ = {isa = PBXBuildFile; fileRef = C4CBFE352478E0D000ED5696 /* AppDelegate.swift */; };
		C4CBFE382478E0D000ED5696 /* SceneDelegate.swift in Sources */ = {isa = PBXBuildFile; fileRef = C4CBFE372478E0D000ED5696 /* SceneDelegate.swift */; };
		C4CBFE3A2478E0D000ED5696 /* ContentView.swift in Sources */ = {isa = PBXBuildFile; fileRef = C4CBFE392478E0D000ED5696 /* ContentView.swift */; };
		C4CBFE3C2478E0D300ED5696 /* Assets.xcassets in Resources */ = {isa = PBXBuildFile; fileRef = C4CBFE3B2478E0D300ED5696 /* Assets.xcassets */; };
		C4CBFE3F2478E0D300ED5696 /* Preview Assets.xcassets in Resources */ = {isa = PBXBuildFile; fileRef = C4CBFE3E2478E0D300ED5696 /* Preview Assets.xcassets */; };
		C4CBFE422478E0D300ED5696 /* LaunchScreen.storyboard in Resources */ = {isa = PBXBuildFile; fileRef = C4CBFE402478E0D300ED5696 /* LaunchScreen.storyboard */; };
		C4CBFE4A2479A07900ED5696 /* TimerHelper.swift in Sources */ = {isa = PBXBuildFile; fileRef = C4CBFE492479A07900ED5696 /* TimerHelper.swift */; };
		C4E76D2D247A0AF1008DD3EB /* Colors.xcassets in Resources */ = {isa = PBXBuildFile; fileRef = C4E76D2C247A0AF1008DD3EB /* Colors.xcassets */; };
		C4E76D2F247A0C91008DD3EB /* Palette.swift in Sources */ = {isa = PBXBuildFile; fileRef = C4E76D2E247A0C91008DD3EB /* Palette.swift */; };
		C4E76D31247A0EE7008DD3EB /* SoundBoard.swift in Sources */ = {isa = PBXBuildFile; fileRef = C4E76D30247A0EE7008DD3EB /* SoundBoard.swift */; };
		C4EF28DC247CC72A009942C6 /* yeah.wav in Resources */ = {isa = PBXBuildFile; fileRef = C4EF28DB247CC72A009942C6 /* yeah.wav */; };
		C4EF28DE247CC732009942C6 /* long-beep.wav in Resources */ = {isa = PBXBuildFile; fileRef = C4EF28DD247CC732009942C6 /* long-beep.wav */; };
		C4EF28E0247CCC81009942C6 /* race-beep.wav in Resources */ = {isa = PBXBuildFile; fileRef = C4EF28DF247CCC81009942C6 /* race-beep.wav */; };
		C4EF28E2247CCC94009942C6 /* race-start.wav in Resources */ = {isa = PBXBuildFile; fileRef = C4EF28E1247CCC94009942C6 /* race-start.wav */; };
		C4EF28E4247CCE4B009942C6 /* beep.wav in Resources */ = {isa = PBXBuildFile; fileRef = C4EF28E3247CCE4B009942C6 /* beep.wav */; };
		C4EF28E6247CCF6D009942C6 /* game-win.mp3 in Resources */ = {isa = PBXBuildFile; fileRef = C4EF28E5247CCF6D009942C6 /* game-win.mp3 */; };
/* End PBXBuildFile section */

/* Begin PBXFileReference section */
		C4332F83248F218A00228C27 /* WarmupView.swift */ = {isa = PBXFileReference; lastKnownFileType = sourcecode.swift; path = WarmupView.swift; sourceTree = "<group>"; };
		C4332F89248F3EB300228C27 /* Device.swift */ = {isa = PBXFileReference; lastKnownFileType = sourcecode.swift; path = Device.swift; sourceTree = "<group>"; };
		C4332F8B248F462200228C27 /* WorkView.swift */ = {isa = PBXFileReference; lastKnownFileType = sourcecode.swift; path = WorkView.swift; sourceTree = "<group>"; };
		C4332F8D248F49B500228C27 /* RestView.swift */ = {isa = PBXFileReference; lastKnownFileType = sourcecode.swift; path = RestView.swift; sourceTree = "<group>"; };
		C4A6831C247B5D4700350912 /* ProgressRing.swift */ = {isa = PBXFileReference; lastKnownFileType = sourcecode.swift; path = ProgressRing.swift; sourceTree = "<group>"; };
		C4CBFE322478E0D000ED5696 /* Interval Timer.app */ = {isa = PBXFileReference; explicitFileType = wrapper.application; includeInIndex = 0; path = "Interval Timer.app"; sourceTree = BUILT_PRODUCTS_DIR; };
		C4CBFE352478E0D000ED5696 /* AppDelegate.swift */ = {isa = PBXFileReference; lastKnownFileType = sourcecode.swift; path = AppDelegate.swift; sourceTree = "<group>"; };
		C4CBFE372478E0D000ED5696 /* SceneDelegate.swift */ = {isa = PBXFileReference; lastKnownFileType = sourcecode.swift; path = SceneDelegate.swift; sourceTree = "<group>"; };
		C4CBFE392478E0D000ED5696 /* ContentView.swift */ = {isa = PBXFileReference; lastKnownFileType = sourcecode.swift; path = ContentView.swift; sourceTree = "<group>"; };
		C4CBFE3B2478E0D300ED5696 /* Assets.xcassets */ = {isa = PBXFileReference; lastKnownFileType = folder.assetcatalog; path = Assets.xcassets; sourceTree = "<group>"; };
		C4CBFE3E2478E0D300ED5696 /* Preview Assets.xcassets */ = {isa = PBXFileReference; lastKnownFileType = folder.assetcatalog; path = "Preview Assets.xcassets"; sourceTree = "<group>"; };
		C4CBFE412478E0D300ED5696 /* Base */ = {isa = PBXFileReference; lastKnownFileType = file.storyboard; name = Base; path = Base.lproj/LaunchScreen.storyboard; sourceTree = "<group>"; };
		C4CBFE432478E0D300ED5696 /* Info.plist */ = {isa = PBXFileReference; lastKnownFileType = text.plist.xml; path = Info.plist; sourceTree = "<group>"; };
		C4CBFE492479A07900ED5696 /* TimerHelper.swift */ = {isa = PBXFileReference; lastKnownFileType = sourcecode.swift; path = TimerHelper.swift; sourceTree = "<group>"; };
		C4E76D2C247A0AF1008DD3EB /* Colors.xcassets */ = {isa = PBXFileReference; lastKnownFileType = folder.assetcatalog; path = Colors.xcassets; sourceTree = "<group>"; };
		C4E76D2E247A0C91008DD3EB /* Palette.swift */ = {isa = PBXFileReference; lastKnownFileType = sourcecode.swift; path = Palette.swift; sourceTree = "<group>"; };
		C4E76D30247A0EE7008DD3EB /* SoundBoard.swift */ = {isa = PBXFileReference; lastKnownFileType = sourcecode.swift; path = SoundBoard.swift; sourceTree = "<group>"; };
		C4EF28DB247CC72A009942C6 /* yeah.wav */ = {isa = PBXFileReference; lastKnownFileType = audio.wav; name = yeah.wav; path = ../../../../Downloads/yeah.wav; sourceTree = "<group>"; };
		C4EF28DD247CC732009942C6 /* long-beep.wav */ = {isa = PBXFileReference; lastKnownFileType = audio.wav; name = "long-beep.wav"; path = "../../../../Downloads/long-beep.wav"; sourceTree = "<group>"; };
		C4EF28DF247CCC81009942C6 /* race-beep.wav */ = {isa = PBXFileReference; lastKnownFileType = audio.wav; path = "race-beep.wav"; sourceTree = "<group>"; };
		C4EF28E1247CCC94009942C6 /* race-start.wav */ = {isa = PBXFileReference; lastKnownFileType = audio.wav; path = "race-start.wav"; sourceTree = "<group>"; };
		C4EF28E3247CCE4B009942C6 /* beep.wav */ = {isa = PBXFileReference; lastKnownFileType = audio.wav; path = beep.wav; sourceTree = "<group>"; };
		C4EF28E5247CCF6D009942C6 /* game-win.mp3 */ = {isa = PBXFileReference; lastKnownFileType = audio.mp3; path = "game-win.mp3"; sourceTree = "<group>"; };
/* End PBXFileReference section */

/* Begin PBXFrameworksBuildPhase section */
		C4CBFE2F2478E0D000ED5696 /* Frameworks */ = {
			isa = PBXFrameworksBuildPhase;
			buildActionMask = 2147483647;
			files = (
			);
			runOnlyForDeploymentPostprocessing = 0;
		};
/* End PBXFrameworksBuildPhase section */

/* Begin PBXGroup section */
		C4CBFE292478E0D000ED5696 = {
			isa = PBXGroup;
			children = (
				C4E76D30247A0EE7008DD3EB /* SoundBoard.swift */,
				C4E76D2E247A0C91008DD3EB /* Palette.swift */,
				C4CBFE492479A07900ED5696 /* TimerHelper.swift */,
				C4CBFE342478E0D000ED5696 /* Interval Timer */,
				C4CBFE332478E0D000ED5696 /* Products */,
			);
			sourceTree = "<group>";
		};
		C4CBFE332478E0D000ED5696 /* Products */ = {
			isa = PBXGroup;
			children = (
				C4CBFE322478E0D000ED5696 /* Interval Timer.app */,
			);
			name = Products;
			sourceTree = "<group>";
		};
		C4CBFE342478E0D000ED5696 /* Interval Timer */ = {
			isa = PBXGroup;
			children = (
				C4EF28DA247CC717009942C6 /* Sounds */,
				C4CBFE352478E0D000ED5696 /* AppDelegate.swift */,
				C4CBFE372478E0D000ED5696 /* SceneDelegate.swift */,
				C4CBFE392478E0D000ED5696 /* ContentView.swift */,
				C4332F8D248F49B500228C27 /* RestView.swift */,
				C4332F83248F218A00228C27 /* WarmupView.swift */,
				C4332F8B248F462200228C27 /* WorkView.swift */,
				C4A6831C247B5D4700350912 /* ProgressRing.swift */,
				C4E76D2C247A0AF1008DD3EB /* Colors.xcassets */,
				C4CBFE3B2478E0D300ED5696 /* Assets.xcassets */,
				C4CBFE402478E0D300ED5696 /* LaunchScreen.storyboard */,
				C4CBFE432478E0D300ED5696 /* Info.plist */,
				C4CBFE3D2478E0D300ED5696 /* Preview Content */,
				C4332F89248F3EB300228C27 /* Device.swift */,
			);
			path = "Interval Timer";
			sourceTree = "<group>";
		};
		C4CBFE3D2478E0D300ED5696 /* Preview Content */ = {
			isa = PBXGroup;
			children = (
				C4CBFE3E2478E0D300ED5696 /* Preview Assets.xcassets */,
			);
			path = "Preview Content";
			sourceTree = "<group>";
		};
		C4EF28DA247CC717009942C6 /* Sounds */ = {
			isa = PBXGroup;
			children = (
				C4EF28E5247CCF6D009942C6 /* game-win.mp3 */,
				C4EF28E3247CCE4B009942C6 /* beep.wav */,
				C4EF28DF247CCC81009942C6 /* race-beep.wav */,
				C4EF28E1247CCC94009942C6 /* race-start.wav */,
				C4EF28DD247CC732009942C6 /* long-beep.wav */,
				C4EF28DB247CC72A009942C6 /* yeah.wav */,
			);
			path = Sounds;
			sourceTree = "<group>";
		};
/* End PBXGroup section */

/* Begin PBXNativeTarget section */
		C4CBFE312478E0D000ED5696 /* Interval Timer */ = {
			isa = PBXNativeTarget;
			buildConfigurationList = C4CBFE462478E0D300ED5696 /* Build configuration list for PBXNativeTarget "Interval Timer" */;
			buildPhases = (
				C4CBFE2E2478E0D000ED5696 /* Sources */,
				C4CBFE2F2478E0D000ED5696 /* Frameworks */,
				C4CBFE302478E0D000ED5696 /* Resources */,
			);
			buildRules = (
			);
			dependencies = (
			);
			name = "Interval Timer";
			productName = "Interval Timer";
			productReference = C4CBFE322478E0D000ED5696 /* Interval Timer.app */;
			productType = "com.apple.product-type.application";
		};
/* End PBXNativeTarget section */

/* Begin PBXProject section */
		C4CBFE2A2478E0D000ED5696 /* Project object */ = {
			isa = PBXProject;
			attributes = {
				LastSwiftUpdateCheck = 1120;
				LastUpgradeCheck = 1120;
				ORGANIZATIONNAME = "Wiley Conte";
				TargetAttributes = {
					C4CBFE312478E0D000ED5696 = {
						CreatedOnToolsVersion = 11.2.1;
					};
				};
			};
			buildConfigurationList = C4CBFE2D2478E0D000ED5696 /* Build configuration list for PBXProject "Interval Timer" */;
			compatibilityVersion = "Xcode 9.3";
			developmentRegion = en;
			hasScannedForEncodings = 0;
			knownRegions = (
				en,
				Base,
			);
			mainGroup = C4CBFE292478E0D000ED5696;
			productRefGroup = C4CBFE332478E0D000ED5696 /* Products */;
			projectDirPath = "";
			projectRoot = "";
			targets = (
				C4CBFE312478E0D000ED5696 /* Interval Timer */,
			);
		};
/* End PBXProject section */

/* Begin PBXResourcesBuildPhase section */
		C4CBFE302478E0D000ED5696 /* Resources */ = {
			isa = PBXResourcesBuildPhase;
			buildActionMask = 2147483647;
			files = (
				C4EF28E0247CCC81009942C6 /* race-beep.wav in Resources */,
				C4EF28E4247CCE4B009942C6 /* beep.wav in Resources */,
				C4EF28DC247CC72A009942C6 /* yeah.wav in Resources */,
				C4CBFE422478E0D300ED5696 /* LaunchScreen.storyboard in Resources */,
				C4EF28E6247CCF6D009942C6 /* game-win.mp3 in Resources */,
				C4EF28E2247CCC94009942C6 /* race-start.wav in Resources */,
				C4E76D2D247A0AF1008DD3EB /* Colors.xcassets in Resources */,
				C4CBFE3F2478E0D300ED5696 /* Preview Assets.xcassets in Resources */,
				C4CBFE3C2478E0D300ED5696 /* Assets.xcassets in Resources */,
				C4EF28DE247CC732009942C6 /* long-beep.wav in Resources */,
			);
			runOnlyForDeploymentPostprocessing = 0;
		};
/* End PBXResourcesBuildPhase section */

/* Begin PBXSourcesBuildPhase section */
		C4CBFE2E2478E0D000ED5696 /* Sources */ = {
			isa = PBXSourcesBuildPhase;
			buildActionMask = 2147483647;
			files = (
				C4332F8A248F3EB300228C27 /* Device.swift in Sources */,
				C4332F8E248F49B500228C27 /* RestView.swift in Sources */,
				C4CBFE362478E0D000ED5696 /* AppDelegate.swift in Sources */,
				C4332F84248F218A00228C27 /* WarmupView.swift in Sources */,
				C4332F8C248F462200228C27 /* WorkView.swift in Sources */,
				C4CBFE382478E0D000ED5696 /* SceneDelegate.swift in Sources */,
				C4CBFE4A2479A07900ED5696 /* TimerHelper.swift in Sources */,
				C4E76D31247A0EE7008DD3EB /* SoundBoard.swift in Sources */,
				C4A6831D247B5D4700350912 /* ProgressRing.swift in Sources */,
				C4E76D2F247A0C91008DD3EB /* Palette.swift in Sources */,
				C4CBFE3A2478E0D000ED5696 /* ContentView.swift in Sources */,
			);
			runOnlyForDeploymentPostprocessing = 0;
		};
/* End PBXSourcesBuildPhase section */

/* Begin PBXVariantGroup section */
		C4CBFE402478E0D300ED5696 /* LaunchScreen.storyboard */ = {
			isa = PBXVariantGroup;
			children = (
				C4CBFE412478E0D300ED5696 /* Base */,
			);
			name = LaunchScreen.storyboard;
			sourceTree = "<group>";
		};
/* End PBXVariantGroup section */

/* Begin XCBuildConfiguration section */
		C4CBFE442478E0D300ED5696 /* Debug */ = {
			isa = XCBuildConfiguration;
			buildSettings = {
				ALWAYS_SEARCH_USER_PATHS = NO;
				CLANG_ANALYZER_NONNULL = YES;
				CLANG_ANALYZER_NUMBER_OBJECT_CONVERSION = YES_AGGRESSIVE;
				CLANG_CXX_LANGUAGE_STANDARD = "gnu++14";
				CLANG_CXX_LIBRARY = "libc++";
				CLANG_ENABLE_MODULES = YES;
				CLANG_ENABLE_OBJC_ARC = YES;
				CLANG_ENABLE_OBJC_WEAK = YES;
				CLANG_WARN_BLOCK_CAPTURE_AUTORELEASING = YES;
				CLANG_WARN_BOOL_CONVERSION = YES;
				CLANG_WARN_COMMA = YES;
				CLANG_WARN_CONSTANT_CONVERSION = YES;
				CLANG_WARN_DEPRECATED_OBJC_IMPLEMENTATIONS = YES;
				CLANG_WARN_DIRECT_OBJC_ISA_USAGE = YES_ERROR;
				CLANG_WARN_DOCUMENTATION_COMMENTS = YES;
				CLANG_WARN_EMPTY_BODY = YES;
				CLANG_WARN_ENUM_CONVERSION = YES;
				CLANG_WARN_INFINITE_RECURSION = YES;
				CLANG_WARN_INT_CONVERSION = YES;
				CLANG_WARN_NON_LITERAL_NULL_CONVERSION = YES;
				CLANG_WARN_OBJC_IMPLICIT_RETAIN_SELF = YES;
				CLANG_WARN_OBJC_LITERAL_CONVERSION = YES;
				CLANG_WARN_OBJC_ROOT_CLASS = YES_ERROR;
				CLANG_WARN_RANGE_LOOP_ANALYSIS = YES;
				CLANG_WARN_STRICT_PROTOTYPES = YES;
				CLANG_WARN_SUSPICIOUS_MOVE = YES;
				CLANG_WARN_UNGUARDED_AVAILABILITY = YES_AGGRESSIVE;
				CLANG_WARN_UNREACHABLE_CODE = YES;
				CLANG_WARN__DUPLICATE_METHOD_MATCH = YES;
				COPY_PHASE_STRIP = NO;
				DEBUG_INFORMATION_FORMAT = dwarf;
				ENABLE_STRICT_OBJC_MSGSEND = YES;
				ENABLE_TESTABILITY = YES;
				GCC_C_LANGUAGE_STANDARD = gnu11;
				GCC_DYNAMIC_NO_PIC = NO;
				GCC_NO_COMMON_BLOCKS = YES;
				GCC_OPTIMIZATION_LEVEL = 0;
				GCC_PREPROCESSOR_DEFINITIONS = (
					"DEBUG=1",
					"$(inherited)",
				);
				GCC_WARN_64_TO_32_BIT_CONVERSION = YES;
				GCC_WARN_ABOUT_RETURN_TYPE = YES_ERROR;
				GCC_WARN_UNDECLARED_SELECTOR = YES;
				GCC_WARN_UNINITIALIZED_AUTOS = YES_AGGRESSIVE;
				GCC_WARN_UNUSED_FUNCTION = YES;
				GCC_WARN_UNUSED_VARIABLE = YES;
				IPHONEOS_DEPLOYMENT_TARGET = 13.2;
				MTL_ENABLE_DEBUG_INFO = INCLUDE_SOURCE;
				MTL_FAST_MATH = YES;
				ONLY_ACTIVE_ARCH = YES;
				SDKROOT = iphoneos;
				SWIFT_ACTIVE_COMPILATION_CONDITIONS = DEBUG;
				SWIFT_OPTIMIZATION_LEVEL = "-Onone";
			};
			name = Debug;
		};
		C4CBFE452478E0D300ED5696 /* Release */ = {
			isa = XCBuildConfiguration;
			buildSettings = {
				ALWAYS_SEARCH_USER_PATHS = NO;
				CLANG_ANALYZER_NONNULL = YES;
				CLANG_ANALYZER_NUMBER_OBJECT_CONVERSION = YES_AGGRESSIVE;
				CLANG_CXX_LANGUAGE_STANDARD = "gnu++14";
				CLANG_CXX_LIBRARY = "libc++";
				CLANG_ENABLE_MODULES = YES;
				CLANG_ENABLE_OBJC_ARC = YES;
				CLANG_ENABLE_OBJC_WEAK = YES;
				CLANG_WARN_BLOCK_CAPTURE_AUTORELEASING = YES;
				CLANG_WARN_BOOL_CONVERSION = YES;
				CLANG_WARN_COMMA = YES;
				CLANG_WARN_CONSTANT_CONVERSION = YES;
				CLANG_WARN_DEPRECATED_OBJC_IMPLEMENTATIONS = YES;
				CLANG_WARN_DIRECT_OBJC_ISA_USAGE = YES_ERROR;
				CLANG_WARN_DOCUMENTATION_COMMENTS = YES;
				CLANG_WARN_EMPTY_BODY = YES;
				CLANG_WARN_ENUM_CONVERSION = YES;
				CLANG_WARN_INFINITE_RECURSION = YES;
				CLANG_WARN_INT_CONVERSION = YES;
				CLANG_WARN_NON_LITERAL_NULL_CONVERSION = YES;
				CLANG_WARN_OBJC_IMPLICIT_RETAIN_SELF = YES;
				CLANG_WARN_OBJC_LITERAL_CONVERSION = YES;
				CLANG_WARN_OBJC_ROOT_CLASS = YES_ERROR;
				CLANG_WARN_RANGE_LOOP_ANALYSIS = YES;
				CLANG_WARN_STRICT_PROTOTYPES = YES;
				CLANG_WARN_SUSPICIOUS_MOVE = YES;
				CLANG_WARN_UNGUARDED_AVAILABILITY = YES_AGGRESSIVE;
				CLANG_WARN_UNREACHABLE_CODE = YES;
				CLANG_WARN__DUPLICATE_METHOD_MATCH = YES;
				COPY_PHASE_STRIP = NO;
				DEBUG_INFORMATION_FORMAT = "dwarf-with-dsym";
				ENABLE_NS_ASSERTIONS = NO;
				ENABLE_STRICT_OBJC_MSGSEND = YES;
				GCC_C_LANGUAGE_STANDARD = gnu11;
				GCC_NO_COMMON_BLOCKS = YES;
				GCC_WARN_64_TO_32_BIT_CONVERSION = YES;
				GCC_WARN_ABOUT_RETURN_TYPE = YES_ERROR;
				GCC_WARN_UNDECLARED_SELECTOR = YES;
				GCC_WARN_UNINITIALIZED_AUTOS = YES_AGGRESSIVE;
				GCC_WARN_UNUSED_FUNCTION = YES;
				GCC_WARN_UNUSED_VARIABLE = YES;
				IPHONEOS_DEPLOYMENT_TARGET = 13.2;
				MTL_ENABLE_DEBUG_INFO = NO;
				MTL_FAST_MATH = YES;
				SDKROOT = iphoneos;
				SWIFT_COMPILATION_MODE = wholemodule;
				SWIFT_OPTIMIZATION_LEVEL = "-O";
				VALIDATE_PRODUCT = YES;
			};
			name = Release;
		};
		C4CBFE472478E0D300ED5696 /* Debug */ = {
			isa = XCBuildConfiguration;
			buildSettings = {
				ASSETCATALOG_COMPILER_APPICON_NAME = AppIcon;
				CODE_SIGN_STYLE = Automatic;
				DEVELOPMENT_ASSET_PATHS = "\"Interval Timer/Preview Content\"";
				DEVELOPMENT_TEAM = 9YP4R8XR3C;
				ENABLE_PREVIEWS = YES;
				INFOPLIST_FILE = "Interval Timer/Info.plist";
				LD_RUNPATH_SEARCH_PATHS = (
					"$(inherited)",
					"@executable_path/Frameworks",
				);
				PRODUCT_BUNDLE_IDENTIFIER = "wileymckayconte.Interval-Timer";
				PRODUCT_NAME = "$(TARGET_NAME)";
				SWIFT_VERSION = 5.0;
				TARGETED_DEVICE_FAMILY = "1,2";
			};
			name = Debug;
		};
		C4CBFE482478E0D300ED5696 /* Release */ = {
			isa = XCBuildConfiguration;
			buildSettings = {
				ASSETCATALOG_COMPILER_APPICON_NAME = AppIcon;
				CODE_SIGN_STYLE = Automatic;
				DEVELOPMENT_ASSET_PATHS = "\"Interval Timer/Preview Content\"";
				DEVELOPMENT_TEAM = 9YP4R8XR3C;
				ENABLE_PREVIEWS = YES;
				INFOPLIST_FILE = "Interval Timer/Info.plist";
				LD_RUNPATH_SEARCH_PATHS = (
					"$(inherited)",
					"@executable_path/Frameworks",
				);
				PRODUCT_BUNDLE_IDENTIFIER = "wileymckayconte.Interval-Timer";
				PRODUCT_NAME = "$(TARGET_NAME)";
				SWIFT_VERSION = 5.0;
				TARGETED_DEVICE_FAMILY = "1,2";
			};
			name = Release;
		};
/* End XCBuildConfiguration section */

/* Begin XCConfigurationList section */
		C4CBFE2D2478E0D000ED5696 /* Build configuration list for PBXProject "Interval Timer" */ = {
			isa = XCConfigurationList;
			buildConfigurations = (
				C4CBFE442478E0D300ED5696 /* Debug */,
				C4CBFE452478E0D300ED5696 /* Release */,
			);
			defaultConfigurationIsVisible = 0;
			defaultConfigurationName = Release;
		};
		C4CBFE462478E0D300ED5696 /* Build configuration list for PBXNativeTarget "Interval Timer" */ = {
			isa = XCConfigurationList;
			buildConfigurations = (
				C4CBFE472478E0D300ED5696 /* Debug */,
				C4CBFE482478E0D300ED5696 /* Release */,
			);
			defaultConfigurationIsVisible = 0;
			defaultConfigurationName = Release;
		};
/* End XCConfigurationList section */
	};
	rootObject = C4CBFE2A2478E0D000ED5696 /* Project object */;
}
